
Microsoft Visual Studio Solution File, Format Version 12.00
# Visual Studio Version 16
VisualStudioVersion = 16.0.30503.244
MinimumVisualStudioVersion = 10.0.40219.1
Project("{8BC9CEB8-8B4A-11D0-8D11-00A0C91BC942}") = "OpenGL", "OpenGL.vcxproj", "{AB81CAF6-34F1-4979-99B7-41A84A6A7D88}"
EndProject
Global
	GlobalSection(SolutionConfigurationPlatforms) = preSolution
		Debug|x64 = Debug|x64
		Debug|x86 = Debug|x86
		Release|x64 = Release|x64
		Release|x86 = Release|x86
	EndGlobalSection
	GlobalSection(ProjectConfigurationPlatforms) = postSolution
		{AB81CAF6-34F1-4979-99B7-41A84A6A7D88}.Debug|x64.ActiveCfg = Debug|x64
		{AB81CAF6-34F1-4979-99B7-41A84A6A7D88}.Debug|x64.Build.0 = Debug|x64
		{AB81CAF6-34F1-4979-99B7-41A84A6A7D88}.Debug|x86.ActiveCfg = Debug|Win32
		{AB81CAF6-34F1-4979-99B7-41A84A6A7D88}.Debug|x86.Build.0 = Debug|Win32
		{AB81CAF6-34F1-4979-99B7-41A84A6A7D88}.Release|x64.ActiveCfg = Release|x64
		{AB81CAF6-34F1-4979-99B7-41A84A6A7D88}.Release|x64.Build.0 = Release|x64
		{AB81CAF6-34F1-4979-99B7-41A84A6A7D88}.Release|x86.ActiveCfg = Release|Win32
		{AB81CAF6-34F1-4979-99B7-41A84A6A7D88}.Release|x86.Build.0 = Release|Win32
	EndGlobalSection
	GlobalSection(SolutionProperties) = preSolution
		HideSolutionNode = FALSE
	EndGlobalSection
	GlobalSection(ExtensibilityGlobals) = postSolution
		SolutionGuid = {2FD1B97E-7E61-4250-AC56-D84EF73639F1}
	EndGlobalSection
EndGlobal
